
Microsoft Visual Studio Solution File, Format Version 12.00
# Visual Studio 15
VisualStudioVersion = 15.0.28010.2016
MinimumVisualStudioVersion = 10.0.40219.1
Project("{9A19103F-16F7-4668-BE54-9A1E7A4F7556}") = "ReportPortal.Gauge", "ReportPortal.Gauge\ReportPortal.Gauge.csproj", "{52921924-CD7B-4211-90C7-EE28B0B41969}"
EndProject
Global
	GlobalSection(SolutionConfigurationPlatforms) = preSolution
		Debug|Any CPU = Debug|Any CPU
		Release|Any CPU = Release|Any CPU
	EndGlobalSection
	GlobalSection(ProjectConfigurationPlatforms) = postSolution
		{52921924-CD7B-4211-90C7-EE28B0B41969}.Debug|Any CPU.ActiveCfg = Debug|Any CPU
		{52921924-CD7B-4211-90C7-EE28B0B41969}.Debug|Any CPU.Build.0 = Debug|Any CPU
		{52921924-CD7B-4211-90C7-EE28B0B41969}.Release|Any CPU.ActiveCfg = Release|Any CPU
		{52921924-CD7B-4211-90C7-EE28B0B41969}.Release|Any CPU.Build.0 = Release|Any CPU
	EndGlobalSection
	GlobalSection(SolutionProperties) = preSolution
		HideSolutionNode = FALSE
	EndGlobalSection
	GlobalSection(ExtensibilityGlobals) = postSolution
		SolutionGuid = {F8BB8E18-EEC7-4B52-8B3F-80B118CC6E48}
	EndGlobalSection
EndGlobal
