
Microsoft Visual Studio Solution File, Format Version 12.00
# Visual Studio Version 16
VisualStudioVersion = 16.0.29326.143
MinimumVisualStudioVersion = 10.0.40219.1
Project("{9A19103F-16F7-4668-BE54-9A1E7A4F7556}") = "ReportPortal.GaugePlugin", "src\ReportPortal.GaugePlugin\ReportPortal.GaugePlugin.csproj", "{59F8DC9E-A696-4CB9-AE87-572347A03AE3}"
EndProject
Project("{2150E333-8FDC-42A3-9474-1A3956D46DE8}") = "src", "src", "{71DFDD0D-32DC-4143-9FF6-11F0EE7A9542}"
EndProject
Global
	GlobalSection(SolutionConfigurationPlatforms) = preSolution
		Debug|Any CPU = Debug|Any CPU
		Release|Any CPU = Release|Any CPU
	EndGlobalSection
	GlobalSection(ProjectConfigurationPlatforms) = postSolution
		{59F8DC9E-A696-4CB9-AE87-572347A03AE3}.Debug|Any CPU.ActiveCfg = Debug|Any CPU
		{59F8DC9E-A696-4CB9-AE87-572347A03AE3}.Debug|Any CPU.Build.0 = Debug|Any CPU
		{59F8DC9E-A696-4CB9-AE87-572347A03AE3}.Release|Any CPU.ActiveCfg = Release|Any CPU
		{59F8DC9E-A696-4CB9-AE87-572347A03AE3}.Release|Any CPU.Build.0 = Release|Any CPU
	EndGlobalSection
	GlobalSection(SolutionProperties) = preSolution
		HideSolutionNode = FALSE
	EndGlobalSection
	GlobalSection(NestedProjects) = preSolution
		{59F8DC9E-A696-4CB9-AE87-572347A03AE3} = {71DFDD0D-32DC-4143-9FF6-11F0EE7A9542}
	EndGlobalSection
	GlobalSection(ExtensibilityGlobals) = postSolution
		SolutionGuid = {F8BB8E18-EEC7-4B52-8B3F-80B118CC6E48}
	EndGlobalSection
EndGlobal
